
Microsoft Visual Studio Solution File, Format Version 12.00
# Visual Studio Version 17
VisualStudioVersion = 17.9.34607.119
MinimumVisualStudioVersion = 10.0.40219.1
Project("{FAE04EC0-301F-11D3-BF4B-00C04F79EFBC}") = "Task07-3", "Task07-3\Task07-3.csproj", "{F8AE71AA-013F-4966-9F3D-2DFA4B8D0F89}"
EndProject
Global
	GlobalSection(SolutionConfigurationPlatforms) = preSolution
		Debug|Any CPU = Debug|Any CPU
		Release|Any CPU = Release|Any CPU
	EndGlobalSection
	GlobalSection(ProjectConfigurationPlatforms) = postSolution
		{F8AE71AA-013F-4966-9F3D-2DFA4B8D0F89}.Debug|Any CPU.ActiveCfg = Debug|Any CPU
		{F8AE71AA-013F-4966-9F3D-2DFA4B8D0F89}.Debug|Any CPU.Build.0 = Debug|Any CPU
		{F8AE71AA-013F-4966-9F3D-2DFA4B8D0F89}.Release|Any CPU.ActiveCfg = Release|Any CPU
		{F8AE71AA-013F-4966-9F3D-2DFA4B8D0F89}.Release|Any CPU.Build.0 = Release|Any CPU
	EndGlobalSection
	GlobalSection(SolutionProperties) = preSolution
		HideSolutionNode = FALSE
	EndGlobalSection
	GlobalSection(ExtensibilityGlobals) = postSolution
		SolutionGuid = {5855B6C2-9E2E-4754-9E9F-8E0508FFBB44}
	EndGlobalSection
EndGlobal
