
Microsoft Visual Studio Solution File, Format Version 12.00
# Visual Studio Version 17
VisualStudioVersion = 17.9.34607.119
MinimumVisualStudioVersion = 10.0.40219.1
Project("{FAE04EC0-301F-11D3-BF4B-00C04F79EFBC}") = "Task07-1", "Task07-1\Task07-1.csproj", "{649AD6FD-F5C3-49AF-AE8E-86B14F022131}"
EndProject
Global
	GlobalSection(SolutionConfigurationPlatforms) = preSolution
		Debug|Any CPU = Debug|Any CPU
		Release|Any CPU = Release|Any CPU
	EndGlobalSection
	GlobalSection(ProjectConfigurationPlatforms) = postSolution
		{649AD6FD-F5C3-49AF-AE8E-86B14F022131}.Debug|Any CPU.ActiveCfg = Debug|Any CPU
		{649AD6FD-F5C3-49AF-AE8E-86B14F022131}.Debug|Any CPU.Build.0 = Debug|Any CPU
		{649AD6FD-F5C3-49AF-AE8E-86B14F022131}.Release|Any CPU.ActiveCfg = Release|Any CPU
		{649AD6FD-F5C3-49AF-AE8E-86B14F022131}.Release|Any CPU.Build.0 = Release|Any CPU
	EndGlobalSection
	GlobalSection(SolutionProperties) = preSolution
		HideSolutionNode = FALSE
	EndGlobalSection
	GlobalSection(ExtensibilityGlobals) = postSolution
		SolutionGuid = {DDA494B5-3B20-484D-A160-C21B1CAC992C}
	EndGlobalSection
EndGlobal
