
Microsoft Visual Studio Solution File, Format Version 12.00
# Visual Studio Version 17
VisualStudioVersion = 17.9.34607.119
MinimumVisualStudioVersion = 10.0.40219.1
Project("{FAE04EC0-301F-11D3-BF4B-00C04F79EFBC}") = "Task03", "Task03\Task03.csproj", "{E7C35709-414B-46AF-B1A1-2A3E9BD047CD}"
EndProject
Global
	GlobalSection(SolutionConfigurationPlatforms) = preSolution
		Debug|Any CPU = Debug|Any CPU
		Release|Any CPU = Release|Any CPU
	EndGlobalSection
	GlobalSection(ProjectConfigurationPlatforms) = postSolution
		{E7C35709-414B-46AF-B1A1-2A3E9BD047CD}.Debug|Any CPU.ActiveCfg = Debug|Any CPU
		{E7C35709-414B-46AF-B1A1-2A3E9BD047CD}.Debug|Any CPU.Build.0 = Debug|Any CPU
		{E7C35709-414B-46AF-B1A1-2A3E9BD047CD}.Release|Any CPU.ActiveCfg = Release|Any CPU
		{E7C35709-414B-46AF-B1A1-2A3E9BD047CD}.Release|Any CPU.Build.0 = Release|Any CPU
	EndGlobalSection
	GlobalSection(SolutionProperties) = preSolution
		HideSolutionNode = FALSE
	EndGlobalSection
	GlobalSection(ExtensibilityGlobals) = postSolution
		SolutionGuid = {B75FC6FE-4220-45A5-BD9A-E75C031AB5B1}
	EndGlobalSection
EndGlobal
