
Microsoft Visual Studio Solution File, Format Version 12.00
# Visual Studio Version 17
VisualStudioVersion = 17.9.34607.119
MinimumVisualStudioVersion = 10.0.40219.1
Project("{FAE04EC0-301F-11D3-BF4B-00C04F79EFBC}") = "Errors", "Errors\Errors.csproj", "{8E35DAD0-770E-401A-B398-44D9FFD33BF2}"
EndProject
Global
	GlobalSection(SolutionConfigurationPlatforms) = preSolution
		Debug|Any CPU = Debug|Any CPU
		Release|Any CPU = Release|Any CPU
	EndGlobalSection
	GlobalSection(ProjectConfigurationPlatforms) = postSolution
		{8E35DAD0-770E-401A-B398-44D9FFD33BF2}.Debug|Any CPU.ActiveCfg = Debug|Any CPU
		{8E35DAD0-770E-401A-B398-44D9FFD33BF2}.Debug|Any CPU.Build.0 = Debug|Any CPU
		{8E35DAD0-770E-401A-B398-44D9FFD33BF2}.Release|Any CPU.ActiveCfg = Release|Any CPU
		{8E35DAD0-770E-401A-B398-44D9FFD33BF2}.Release|Any CPU.Build.0 = Release|Any CPU
	EndGlobalSection
	GlobalSection(SolutionProperties) = preSolution
		HideSolutionNode = FALSE
	EndGlobalSection
	GlobalSection(ExtensibilityGlobals) = postSolution
		SolutionGuid = {4EF95C95-ED59-428F-8383-CCAF4986C7F2}
	EndGlobalSection
EndGlobal
