
Microsoft Visual Studio Solution File, Format Version 12.00
# Visual Studio Version 17
VisualStudioVersion = 17.9.34607.119
MinimumVisualStudioVersion = 10.0.40219.1
Project("{FAE04EC0-301F-11D3-BF4B-00C04F79EFBC}") = "Task04", "Task04\Task04.csproj", "{899CAA43-53DF-44E9-9348-D58736878A76}"
EndProject
Global
	GlobalSection(SolutionConfigurationPlatforms) = preSolution
		Debug|Any CPU = Debug|Any CPU
		Release|Any CPU = Release|Any CPU
	EndGlobalSection
	GlobalSection(ProjectConfigurationPlatforms) = postSolution
		{899CAA43-53DF-44E9-9348-D58736878A76}.Debug|Any CPU.ActiveCfg = Debug|Any CPU
		{899CAA43-53DF-44E9-9348-D58736878A76}.Debug|Any CPU.Build.0 = Debug|Any CPU
		{899CAA43-53DF-44E9-9348-D58736878A76}.Release|Any CPU.ActiveCfg = Release|Any CPU
		{899CAA43-53DF-44E9-9348-D58736878A76}.Release|Any CPU.Build.0 = Release|Any CPU
	EndGlobalSection
	GlobalSection(SolutionProperties) = preSolution
		HideSolutionNode = FALSE
	EndGlobalSection
	GlobalSection(ExtensibilityGlobals) = postSolution
		SolutionGuid = {E0CCEBE6-2C47-4325-B208-AE76214FC0C0}
	EndGlobalSection
EndGlobal
