
Microsoft Visual Studio Solution File, Format Version 12.00
# Visual Studio Version 17
VisualStudioVersion = 17.9.34607.119
MinimumVisualStudioVersion = 10.0.40219.1
Project("{FAE04EC0-301F-11D3-BF4B-00C04F79EFBC}") = "Task05", "Task05\Task05.csproj", "{92EAF595-AF24-4632-B57C-CE7D1E849128}"
EndProject
Global
	GlobalSection(SolutionConfigurationPlatforms) = preSolution
		Debug|Any CPU = Debug|Any CPU
		Release|Any CPU = Release|Any CPU
	EndGlobalSection
	GlobalSection(ProjectConfigurationPlatforms) = postSolution
		{92EAF595-AF24-4632-B57C-CE7D1E849128}.Debug|Any CPU.ActiveCfg = Debug|Any CPU
		{92EAF595-AF24-4632-B57C-CE7D1E849128}.Debug|Any CPU.Build.0 = Debug|Any CPU
		{92EAF595-AF24-4632-B57C-CE7D1E849128}.Release|Any CPU.ActiveCfg = Release|Any CPU
		{92EAF595-AF24-4632-B57C-CE7D1E849128}.Release|Any CPU.Build.0 = Release|Any CPU
	EndGlobalSection
	GlobalSection(SolutionProperties) = preSolution
		HideSolutionNode = FALSE
	EndGlobalSection
	GlobalSection(ExtensibilityGlobals) = postSolution
		SolutionGuid = {B1CC9FBD-4AFC-42F2-BFE7-48A84046933B}
	EndGlobalSection
EndGlobal
