
Microsoft Visual Studio Solution File, Format Version 12.00
# Visual Studio Version 17
VisualStudioVersion = 17.9.34607.119
MinimumVisualStudioVersion = 10.0.40219.1
Project("{FAE04EC0-301F-11D3-BF4B-00C04F79EFBC}") = "SinusCosinus", "SinusCosinus\SinusCosinus.csproj", "{28803CEF-9E1E-4C8D-9322-FE2B0F88068F}"
EndProject
Global
	GlobalSection(SolutionConfigurationPlatforms) = preSolution
		Debug|Any CPU = Debug|Any CPU
		Release|Any CPU = Release|Any CPU
	EndGlobalSection
	GlobalSection(ProjectConfigurationPlatforms) = postSolution
		{28803CEF-9E1E-4C8D-9322-FE2B0F88068F}.Debug|Any CPU.ActiveCfg = Debug|Any CPU
		{28803CEF-9E1E-4C8D-9322-FE2B0F88068F}.Debug|Any CPU.Build.0 = Debug|Any CPU
		{28803CEF-9E1E-4C8D-9322-FE2B0F88068F}.Release|Any CPU.ActiveCfg = Release|Any CPU
		{28803CEF-9E1E-4C8D-9322-FE2B0F88068F}.Release|Any CPU.Build.0 = Release|Any CPU
	EndGlobalSection
	GlobalSection(SolutionProperties) = preSolution
		HideSolutionNode = FALSE
	EndGlobalSection
	GlobalSection(ExtensibilityGlobals) = postSolution
		SolutionGuid = {1417A936-F20D-4814-AD26-45AF2FA428CF}
	EndGlobalSection
EndGlobal
